{
  "name": "lesson04",
  "version": "1.0.0",
  "lockfileVersion": 3,
  "requires": true,
  "packages": {
    "": {
      "name": "lesson04",
      "version": "1.0.0",
      "license": "ISC",
      "dependencies": {
        "tailwindcss-aspect-ratio": "^3.0.0",
        "typescript": "^5.3.3"
      },
      "devDependencies": {
        "prettier-plugin-tailwindcss": "^0.1.13"
      }
    },
    "node_modules/lodash": {
      "version": "4.17.21",
      "resolved": "https://registry.npmjs.org/lodash/-/lodash-4.17.21.tgz",
      "integrity": "sha512-v2kDEe57lecTulaDIuNTPy3Ry4gLGJ6Z1O3vE1krgXZNrsQ+LFTGHVxVjcXPs17LhbZVGedAJv8XZ1tvj5FvSg=="
    },
    "node_modules/prettier": {
      "version": "3.2.3",
      "resolved": "https://registry.npmjs.org/prettier/-/prettier-3.2.3.tgz",
      "integrity": "sha512-QNhUTBq+mqt1oH1dTfY3phOKNhcDdJkfttHI6u0kj7M2+c+7fmNKlgh2GhnHiqMcbxJ+a0j2igz/2jfl9QKLuw==",
      "dev": true,
      "peer": true,
      "bin": {
        "prettier": "bin/prettier.cjs"
      },
      "engines": {
        "node": ">=14"
      },
      "funding": {
        "url": "https://github.com/prettier/prettier?sponsor=1"
      }
    },
    "node_modules/prettier-plugin-tailwindcss": {
      "version": "0.1.13",
      "resolved": "https://registry.npmjs.org/prettier-plugin-tailwindcss/-/prettier-plugin-tailwindcss-0.1.13.tgz",
      "integrity": "sha512-/EKQURUrxLu66CMUg4+1LwGdxnz8of7IDvrSLqEtDqhLH61SAlNNUSr90UTvZaemujgl3OH/VHg+fyGltrNixw==",
      "dev": true,
      "engines": {
        "node": ">=12.17.0"
      },
      "peerDependencies": {
        "prettier": ">=2.2.0"
      }
    },
    "node_modules/tailwindcss-aspect-ratio": {
      "version": "3.0.0",
      "resolved": "https://registry.npmjs.org/tailwindcss-aspect-ratio/-/tailwindcss-aspect-ratio-3.0.0.tgz",
      "integrity": "sha512-syVueHOdk0u6S9lFSQQxHwsYS+9AJ0tp1WWBB+vAwmJYzc9g/2OLwq4mHpigYue6t3PUgTSbRi9unQd7WEDjGQ==",
      "dependencies": {
        "lodash": "^4.17.15"
      }
    },
    "node_modules/typescript": {
      "version": "5.3.3",
      "resolved": "https://registry.npmjs.org/typescript/-/typescript-5.3.3.tgz",
      "integrity": "sha512-pXWcraxM0uxAS+tN0AG/BF2TyqmHO014Z070UsJ+pFvYuRSq8KH8DmWpnbXe0pEPDHXZV3FcAbJkijJ5oNEnWw==",
      "bin": {
        "tsc": "bin/tsc",
        "tsserver": "bin/tsserver"
      },
      "engines": {
        "node": ">=14.17"
      }
    }
  }
}
